<?xml version="1.0" encoding="utf-8"?>
<Project ToolsVersion="4.0" xmlns="http://schemas.microsoft.com/developer/msbuild/2003">
  <ItemGroup>
    <Filter Include="Source Files">
      <UniqueIdentifier>{4FC737F1-C7A5-4376-A066-2A32D752A2FF}</UniqueIdentifier>
      <Extensions>cpp;c;cc;cxx;c++;cppm;ixx;def;odl;idl;hpj;bat;asm;asmx</Extensions>
    </Filter>
    <Filter Include="Header Files">
      <UniqueIdentifier>{93995380-89BD-4b04-88EB-625FBE52EBFB}</UniqueIdentifier>
      <Extensions>h;hh;hpp;hxx;h++;hm;inl;inc;ipp;xsd</Extensions>
    </Filter>
    <Filter Include="Resource Files">
      <UniqueIdentifier>{67DA6AB6-F800-4c08-8B7A-83BB121AAD01}</UniqueIdentifier>
      <Extensions>rc;ico;cur;bmp;dlg;rc2;rct;bin;rgs;gif;jpg;jpeg;jpe;resx;tiff;tif;png;wav;mfcribbon-ms</Extensions>
    </Filter>
    <Filter Include="Source Files\JobFactory">
      <UniqueIdentifier>{1d103a01-2b94-447c-ba2d-3aa6c84dd6e0}</UniqueIdentifier>
    </Filter>
    <Filter Include="Source Files\Jobs">
      <UniqueIdentifier>{0c1416c1-11b2-46ce-9bd2-3d6e99635368}</UniqueIdentifier>
    </Filter>
    <Filter Include="Source Files\JobManager">
      <UniqueIdentifier>{6842a76e-6d40-429b-91c2-984e80a6a46e}</UniqueIdentifier>
    </Filter>
    <Filter Include="Source Files\JobInterfaces">
      <UniqueIdentifier>{6ddc8c64-7405-4305-a12f-c4d64485679e}</UniqueIdentifier>
    </Filter>
    <Filter Include="Source Files\Common">
      <UniqueIdentifier>{6bca9669-4446-4517-ab34-c546d1ce7d0a}</UniqueIdentifier>
    </Filter>
  </ItemGroup>
  <ItemGroup>
    <ClCompile Include="JobManagerAndFactory.cpp">
      <Filter>Source Files</Filter>
    </ClCompile>
    <ClCompile Include="JobManager.cpp">
      <Filter>Source Files\JobManager</Filter>
    </ClCompile>
    <ClCompile Include="JobFactory.cpp">
      <Filter>Source Files\JobFactory</Filter>
    </ClCompile>
    <ClCompile Include="Job.cpp">
      <Filter>Source Files\Jobs</Filter>
    </ClCompile>
    <ClCompile Include="PatchJobService.cpp">
      <Filter>Source Files\Jobs</Filter>
    </ClCompile>
    <ClCompile Include="RepairJobService.cpp">
      <Filter>Source Files\Jobs</Filter>
    </ClCompile>
  </ItemGroup>
  <ItemGroup>
    <ClInclude Include="JobManager.h">
      <Filter>Source Files\JobManager</Filter>
    </ClInclude>
    <ClInclude Include="JobFactory.h">
      <Filter>Source Files\JobFactory</Filter>
    </ClInclude>
    <ClInclude Include="IJob.h">
      <Filter>Source Files\JobInterfaces</Filter>
    </ClInclude>
    <ClInclude Include="JobTypes.h">
      <Filter>Source Files\JobInterfaces</Filter>
    </ClInclude>
    <ClInclude Include="Job.h">
      <Filter>Source Files\Jobs</Filter>
    </ClInclude>
    <ClInclude Include="CommonMacros.h">
      <Filter>Source Files\Common</Filter>
    </ClInclude>
    <ClInclude Include="common_cstdint.h">
      <Filter>Source Files\Common</Filter>
    </ClInclude>
    <ClInclude Include="common_iostream.h">
      <Filter>Source Files\Common</Filter>
    </ClInclude>
    <ClInclude Include="common_unorderedmap.h">
      <Filter>Source Files\Common</Filter>
    </ClInclude>
    <ClInclude Include="PatchJobService.h">
      <Filter>Source Files\Jobs</Filter>
    </ClInclude>
    <ClInclude Include="RepairJobService.h">
      <Filter>Source Files\Jobs</Filter>
    </ClInclude>
    <ClInclude Include="common_functional.h">
      <Filter>Source Files\Common</Filter>
    </ClInclude>
    <ClInclude Include="common_mutex.h">
      <Filter>Source Files\Common</Filter>
    </ClInclude>
    <ClInclude Include="common_memory.h">
      <Filter>Source Files\Common</Filter>
    </ClInclude>
  </ItemGroup>
</Project>